Microsoft Visual Studio Solution File, Format Version 12.00
# Visual Studio Version 17
VisualStudioVersion = 17.14.36811.4 d17.14
MinimumVisualStudioVersion = 10.0.40219.1
Project("{FAE04EC0-301F-11D3-BF4B-00C04F79EFBC}") = "PortsManager.Core", "src\\PortsManager.Core\\PortsManager.Core.csproj", "{D1A3E9D7-2B91-4C3B-8C9F-89AF4E9F12A1}"
EndProject
Project("{FAE04EC0-301F-11D3-BF4B-00C04F79EFBC}") = "PortsManager.Desktop", "src\\PortsManager.Desktop\\PortsManager.Desktop.csproj", "{B3C2D4E6-1F23-4A56-9B7C-8D9E0F1A2B3C}"
EndProject
Global
	GlobalSection(SolutionConfigurationPlatforms) = preSolution
		Debug|Any CPU = Debug|Any CPU
		Release|Any CPU = Release|Any CPU
	EndGlobalSection
	GlobalSection(ProjectConfigurationPlatforms) = postSolution
		{D1A3E9D7-2B91-4C3B-8C9F-89AF4E9F12A1}.Debug|Any CPU.ActiveCfg = Debug|Any CPU
		{D1A3E9D7-2B91-4C3B-8C9F-89AF4E9F12A1}.Debug|Any CPU.Build.0 = Debug|Any CPU
		{D1A3E9D7-2B91-4C3B-8C9F-89AF4E9F12A1}.Release|Any CPU.ActiveCfg = Release|Any CPU
		{D1A3E9D7-2B91-4C3B-8C9F-89AF4E9F12A1}.Release|Any CPU.Build.0 = Release|Any CPU
		{B3C2D4E6-1F23-4A56-9B7C-8D9E0F1A2B3C}.Debug|Any CPU.ActiveCfg = Debug|Any CPU
		{B3C2D4E6-1F23-4A56-9B7C-8D9E0F1A2B3C}.Debug|Any CPU.Build.0 = Debug|Any CPU
		{B3C2D4E6-1F23-4A56-9B7C-8D9E0F1A2B3C}.Release|Any CPU.ActiveCfg = Release|Any CPU
		{B3C2D4E6-1F23-4A56-9B7C-8D9E0F1A2B3C}.Release|Any CPU.Build.0 = Release|Any CPU
	EndGlobalSection
	GlobalSection(SolutionProperties) = preSolution
		HideSolutionNode = FALSE
	EndGlobalSection
	GlobalSection(ExtensibilityGlobals) = postSolution
		SolutionGuid = {117E9C7C-EBA4-409E-AC63-A48C646E45CA}
	EndGlobalSection
EndGlobal
